// !$*UTF8*$!
{
	archiveVersion = 1;
	classes = {
	};
	objectVersion = 50;
	objects = {

/* Begin PBXBuildFile section */
		6314BCCB23B06A08007104EB /* AppDelegate.m in Sources */ = {isa = PBXBuildFile; fileRef = 6314BCCA23B06A08007104EB /* AppDelegate.m */; };
		6314BCCE23B06A08007104EB /* ViewController.m in Sources */ = {isa = PBXBuildFile; fileRef = 6314BCCD23B06A08007104EB /* ViewController.m */; };
		6314BCD123B06A08007104EB /* Main.storyboard in Resources */ = {isa = PBXBuildFile; fileRef = 6314BCCF23B06A08007104EB /* Main.storyboard */; };
		6314BCD323B06A0A007104EB /* Assets.xcassets in Resources */ = {isa = PBXBuildFile; fileRef = 6314BCD223B06A0A007104EB /* Assets.xcassets */; };
		6314BCD623B06A0A007104EB /* LaunchScreen.storyboard in Resources */ = {isa = PBXBuildFile; fileRef = 6314BCD423B06A0A007104EB /* LaunchScreen.storyboard */; };
		6314BCD923B06A0A007104EB /* main.m in Sources */ = {isa = PBXBuildFile; fileRef = 6314BCD823B06A0A007104EB /* main.m */; };
		6314BCE323B06A0A007104EB /* VoiceDemoTests.m in Sources */ = {isa = PBXBuildFile; fileRef = 6314BCE223B06A0A007104EB /* VoiceDemoTests.m */; };
		6314BCEE23B06A0A007104EB /* VoiceDemoUITests.m in Sources */ = {isa = PBXBuildFile; fileRef = 6314BCED23B06A0A007104EB /* VoiceDemoUITests.m */; };
		6314BD0023B0A284007104EB /* AgoraRtmKit.framework in Frameworks */ = {isa = PBXBuildFile; fileRef = 6314BCFF23B0A284007104EB /* AgoraRtmKit.framework */; };
		6314BD0223B0A291007104EB /* libc++.tbd in Frameworks */ = {isa = PBXBuildFile; fileRef = 6314BD0123B0A291007104EB /* libc++.tbd */; };
		6314BD0423B0A29A007104EB /* libresolv.tbd in Frameworks */ = {isa = PBXBuildFile; fileRef = 6314BD0323B0A29A007104EB /* libresolv.tbd */; };
		6314BD0623B0A2AF007104EB /* SystemConfiguration.framework in Frameworks */ = {isa = PBXBuildFile; fileRef = 6314BD0523B0A2AF007104EB /* SystemConfiguration.framework */; };
		6314BD0823B0A2BB007104EB /* CoreTelephony.framework in Frameworks */ = {isa = PBXBuildFile; fileRef = 6314BD0723B0A2BB007104EB /* CoreTelephony.framework */; };
		6314BD0A23B0A512007104EB /* GenetekMgr.m in Sources */ = {isa = PBXBuildFile; fileRef = 6314BD0923B0A512007104EB /* GenetekMgr.m */; };
		6314BD0E23B0AF4A007104EB /* BasicViewController.m in Sources */ = {isa = PBXBuildFile; fileRef = 6314BD0D23B0AF4A007104EB /* BasicViewController.m */; };
/* End PBXBuildFile section */

/* Begin PBXContainerItemProxy section */
		6314BCDF23B06A0A007104EB /* PBXContainerItemProxy */ = {
			isa = PBXContainerItemProxy;
			containerPortal = 6314BCBE23B06A08007104EB /* Project object */;
			proxyType = 1;
			remoteGlobalIDString = 6314BCC523B06A08007104EB;
			remoteInfo = VoiceDemo;
		};
		6314BCEA23B06A0A007104EB /* PBXContainerItemProxy */ = {
			isa = PBXContainerItemProxy;
			containerPortal = 6314BCBE23B06A08007104EB /* Project object */;
			proxyType = 1;
			remoteGlobalIDString = 6314BCC523B06A08007104EB;
			remoteInfo = VoiceDemo;
		};
/* End PBXContainerItemProxy section */

/* Begin PBXFileReference section */
		6314BCC623B06A08007104EB /* VoiceDemo.app */ = {isa = PBXFileReference; explicitFileType = wrapper.application; includeInIndex = 0; path = VoiceDemo.app; sourceTree = BUILT_PRODUCTS_DIR; };
		6314BCC923B06A08007104EB /* AppDelegate.h */ = {isa = PBXFileReference; lastKnownFileType = sourcecode.c.h; path = AppDelegate.h; sourceTree = "<group>"; };
		6314BCCA23B06A08007104EB /* AppDelegate.m */ = {isa = PBXFileReference; lastKnownFileType = sourcecode.c.objc; path = AppDelegate.m; sourceTree = "<group>"; };
		6314BCCC23B06A08007104EB /* ViewController.h */ = {isa = PBXFileReference; lastKnownFileType = sourcecode.c.h; path = ViewController.h; sourceTree = "<group>"; };
		6314BCCD23B06A08007104EB /* ViewController.m */ = {isa = PBXFileReference; lastKnownFileType = sourcecode.c.objc; path = ViewController.m; sourceTree = "<group>"; };
		6314BCD023B06A08007104EB /* Base */ = {isa = PBXFileReference; lastKnownFileType = file.storyboard; name = Base; path = Base.lproj/Main.storyboard; sourceTree = "<group>"; };
		6314BCD223B06A0A007104EB /* Assets.xcassets */ = {isa = PBXFileReference; lastKnownFileType = folder.assetcatalog; path = Assets.xcassets; sourceTree = "<group>"; };
		6314BCD523B06A0A007104EB /* Base */ = {isa = PBXFileReference; lastKnownFileType = file.storyboard; name = Base; path = Base.lproj/LaunchScreen.storyboard; sourceTree = "<group>"; };
		6314BCD723B06A0A007104EB /* Info.plist */ = {isa = PBXFileReference; lastKnownFileType = text.plist.xml; path = Info.plist; sourceTree = "<group>"; };
		6314BCD823B06A0A007104EB /* main.m */ = {isa = PBXFileReference; lastKnownFileType = sourcecode.c.objc; path = main.m; sourceTree = "<group>"; };
		6314BCDE23B06A0A007104EB /* VoiceDemoTests.xctest */ = {isa = PBXFileReference; explicitFileType = wrapper.cfbundle; includeInIndex = 0; path = VoiceDemoTests.xctest; sourceTree = BUILT_PRODUCTS_DIR; };
		6314BCE223B06A0A007104EB /* VoiceDemoTests.m */ = {isa = PBXFileReference; lastKnownFileType = sourcecode.c.objc; path = VoiceDemoTests.m; sourceTree = "<group>"; };
		6314BCE423B06A0A007104EB /* Info.plist */ = {isa = PBXFileReference; lastKnownFileType = text.plist.xml; path = Info.plist; sourceTree = "<group>"; };
		6314BCE923B06A0A007104EB /* VoiceDemoUITests.xctest */ = {isa = PBXFileReference; explicitFileType = wrapper.cfbundle; includeInIndex = 0; path = VoiceDemoUITests.xctest; sourceTree = BUILT_PRODUCTS_DIR; };
		6314BCED23B06A0A007104EB /* VoiceDemoUITests.m */ = {isa = PBXFileReference; lastKnownFileType = sourcecode.c.objc; path = VoiceDemoUITests.m; sourceTree = "<group>"; };
		6314BCEF23B06A0A007104EB /* Info.plist */ = {isa = PBXFileReference; lastKnownFileType = text.plist.xml; path = Info.plist; sourceTree = "<group>"; };
		6314BCFF23B0A284007104EB /* AgoraRtmKit.framework */ = {isa = PBXFileReference; lastKnownFileType = wrapper.framework; name = AgoraRtmKit.framework; path = libs/AgoraRtmKit.framework; sourceTree = "<group>"; };
		6314BD0123B0A291007104EB /* libc++.tbd */ = {isa = PBXFileReference; lastKnownFileType = "sourcecode.text-based-dylib-definition"; name = "libc++.tbd"; path = "usr/lib/libc++.tbd"; sourceTree = SDKROOT; };
		6314BD0323B0A29A007104EB /* libresolv.tbd */ = {isa = PBXFileReference; lastKnownFileType = "sourcecode.text-based-dylib-definition"; name = libresolv.tbd; path = usr/lib/libresolv.tbd; sourceTree = SDKROOT; };
		6314BD0523B0A2AF007104EB /* SystemConfiguration.framework */ = {isa = PBXFileReference; lastKnownFileType = wrapper.framework; name = SystemConfiguration.framework; path = System/Library/Frameworks/SystemConfiguration.framework; sourceTree = SDKROOT; };
		6314BD0723B0A2BB007104EB /* CoreTelephony.framework */ = {isa = PBXFileReference; lastKnownFileType = wrapper.framework; name = CoreTelephony.framework; path = System/Library/Frameworks/CoreTelephony.framework; sourceTree = SDKROOT; };
		6314BD0923B0A512007104EB /* GenetekMgr.m */ = {isa = PBXFileReference; lastKnownFileType = sourcecode.c.objc; path = GenetekMgr.m; sourceTree = "<group>"; };
		6314BD0B23B0A640007104EB /* GenetekMgr.h */ = {isa = PBXFileReference; lastKnownFileType = sourcecode.c.h; name = GenetekMgr.h; path = GenetekSolution/GenetekMgr.h; sourceTree = SOURCE_ROOT; };
		6314BD0C23B0AF4A007104EB /* BasicViewController.h */ = {isa = PBXFileReference; fileEncoding = 4; lastKnownFileType = sourcecode.c.h; path = BasicViewController.h; sourceTree = "<group>"; };
		6314BD0D23B0AF4A007104EB /* BasicViewController.m */ = {isa = PBXFileReference; fileEncoding = 4; lastKnownFileType = sourcecode.c.objc; path = BasicViewController.m; sourceTree = "<group>"; };
/* End PBXFileReference section */

/* Begin PBXFrameworksBuildPhase section */
		6314BCC323B06A08007104EB /* Frameworks */ = {
			isa = PBXFrameworksBuildPhase;
			buildActionMask = 2147483647;
			files = (
				6314BD0823B0A2BB007104EB /* CoreTelephony.framework in Frameworks */,
				6314BD0623B0A2AF007104EB /* SystemConfiguration.framework in Frameworks */,
				6314BD0423B0A29A007104EB /* libresolv.tbd in Frameworks */,
				6314BD0223B0A291007104EB /* libc++.tbd in Frameworks */,
				6314BD0023B0A284007104EB /* AgoraRtmKit.framework in Frameworks */,
			);
			runOnlyForDeploymentPostprocessing = 0;
		};
		6314BCDB23B06A0A007104EB /* Frameworks */ = {
			isa = PBXFrameworksBuildPhase;
			buildActionMask = 2147483647;
			files = (
			);
			runOnlyForDeploymentPostprocessing = 0;
		};
		6314BCE623B06A0A007104EB /* Frameworks */ = {
			isa = PBXFrameworksBuildPhase;
			buildActionMask = 2147483647;
			files = (
			);
			runOnlyForDeploymentPostprocessing = 0;
		};
/* End PBXFrameworksBuildPhase section */

/* Begin PBXGroup section */
		6314BCBD23B06A08007104EB = {
			isa = PBXGroup;
			children = (
				6314BCFC23B06AD1007104EB /* GenetekSolution */,
				6314BCC823B06A08007104EB /* VoiceDemo */,
				6314BCE123B06A0A007104EB /* VoiceDemoTests */,
				6314BCEC23B06A0A007104EB /* VoiceDemoUITests */,
				6314BCC723B06A08007104EB /* Products */,
				6314BCFE23B0A284007104EB /* Frameworks */,
			);
			sourceTree = "<group>";
		};
		6314BCC723B06A08007104EB /* Products */ = {
			isa = PBXGroup;
			children = (
				6314BCC623B06A08007104EB /* VoiceDemo.app */,
				6314BCDE23B06A0A007104EB /* VoiceDemoTests.xctest */,
				6314BCE923B06A0A007104EB /* VoiceDemoUITests.xctest */,
			);
			name = Products;
			sourceTree = "<group>";
		};
		6314BCC823B06A08007104EB /* VoiceDemo */ = {
			isa = PBXGroup;
			children = (
				6314BD0C23B0AF4A007104EB /* BasicViewController.h */,
				6314BD0D23B0AF4A007104EB /* BasicViewController.m */,
				6314BCC923B06A08007104EB /* AppDelegate.h */,
				6314BCCA23B06A08007104EB /* AppDelegate.m */,
				6314BCCC23B06A08007104EB /* ViewController.h */,
				6314BCCD23B06A08007104EB /* ViewController.m */,
				6314BCCF23B06A08007104EB /* Main.storyboard */,
				6314BCD223B06A0A007104EB /* Assets.xcassets */,
				6314BCD423B06A0A007104EB /* LaunchScreen.storyboard */,
				6314BCD723B06A0A007104EB /* Info.plist */,
				6314BCD823B06A0A007104EB /* main.m */,
			);
			path = VoiceDemo;
			sourceTree = "<group>";
		};
		6314BCE123B06A0A007104EB /* VoiceDemoTests */ = {
			isa = PBXGroup;
			children = (
				6314BCE223B06A0A007104EB /* VoiceDemoTests.m */,
				6314BCE423B06A0A007104EB /* Info.plist */,
			);
			path = VoiceDemoTests;
			sourceTree = "<group>";
		};
		6314BCEC23B06A0A007104EB /* VoiceDemoUITests */ = {
			isa = PBXGroup;
			children = (
				6314BCED23B06A0A007104EB /* VoiceDemoUITests.m */,
				6314BCEF23B06A0A007104EB /* Info.plist */,
			);
			path = VoiceDemoUITests;
			sourceTree = "<group>";
		};
		6314BCFC23B06AD1007104EB /* GenetekSolution */ = {
			isa = PBXGroup;
			children = (
				6314BCFD23B06B0A007104EB /* RTM */,
				6314BD0B23B0A640007104EB /* GenetekMgr.h */,
				6314BD0923B0A512007104EB /* GenetekMgr.m */,
			);
			path = GenetekSolution;
			sourceTree = "<group>";
		};
		6314BCFD23B06B0A007104EB /* RTM */ = {
			isa = PBXGroup;
			children = (
			);
			path = RTM;
			sourceTree = "<group>";
		};
		6314BCFE23B0A284007104EB /* Frameworks */ = {
			isa = PBXGroup;
			children = (
				6314BD0723B0A2BB007104EB /* CoreTelephony.framework */,
				6314BD0523B0A2AF007104EB /* SystemConfiguration.framework */,
				6314BD0323B0A29A007104EB /* libresolv.tbd */,
				6314BD0123B0A291007104EB /* libc++.tbd */,
				6314BCFF23B0A284007104EB /* AgoraRtmKit.framework */,
			);
			name = Frameworks;
			sourceTree = "<group>";
		};
/* End PBXGroup section */

/* Begin PBXNativeTarget section */
		6314BCC523B06A08007104EB /* VoiceDemo */ = {
			isa = PBXNativeTarget;
			buildConfigurationList = 6314BCF223B06A0A007104EB /* Build configuration list for PBXNativeTarget "VoiceDemo" */;
			buildPhases = (
				6314BCC223B06A08007104EB /* Sources */,
				6314BCC323B06A08007104EB /* Frameworks */,
				6314BCC423B06A08007104EB /* Resources */,
			);
			buildRules = (
			);
			dependencies = (
			);
			name = VoiceDemo;
			productName = VoiceDemo;
			productReference = 6314BCC623B06A08007104EB /* VoiceDemo.app */;
			productType = "com.apple.product-type.application";
		};
		6314BCDD23B06A0A007104EB /* VoiceDemoTests */ = {
			isa = PBXNativeTarget;
			buildConfigurationList = 6314BCF523B06A0A007104EB /* Build configuration list for PBXNativeTarget "VoiceDemoTests" */;
			buildPhases = (
				6314BCDA23B06A0A007104EB /* Sources */,
				6314BCDB23B06A0A007104EB /* Frameworks */,
				6314BCDC23B06A0A007104EB /* Resources */,
			);
			buildRules = (
			);
			dependencies = (
				6314BCE023B06A0A007104EB /* PBXTargetDependency */,
			);
			name = VoiceDemoTests;
			productName = VoiceDemoTests;
			productReference = 6314BCDE23B06A0A007104EB /* VoiceDemoTests.xctest */;
			productType = "com.apple.product-type.bundle.unit-test";
		};
		6314BCE823B06A0A007104EB /* VoiceDemoUITests */ = {
			isa = PBXNativeTarget;
			buildConfigurationList = 6314BCF823B06A0A007104EB /* Build configuration list for PBXNativeTarget "VoiceDemoUITests" */;
			buildPhases = (
				6314BCE523B06A0A007104EB /* Sources */,
				6314BCE623B06A0A007104EB /* Frameworks */,
				6314BCE723B06A0A007104EB /* Resources */,
			);
			buildRules = (
			);
			dependencies = (
				6314BCEB23B06A0A007104EB /* PBXTargetDependency */,
			);
			name = VoiceDemoUITests;
			productName = VoiceDemoUITests;
			productReference = 6314BCE923B06A0A007104EB /* VoiceDemoUITests.xctest */;
			productType = "com.apple.product-type.bundle.ui-testing";
		};
/* End PBXNativeTarget section */

/* Begin PBXProject section */
		6314BCBE23B06A08007104EB /* Project object */ = {
			isa = PBXProject;
			attributes = {
				LastUpgradeCheck = 1020;
				ORGANIZATIONNAME = genetek;
				TargetAttributes = {
					6314BCC523B06A08007104EB = {
						CreatedOnToolsVersion = 10.2.1;
					};
					6314BCDD23B06A0A007104EB = {
						CreatedOnToolsVersion = 10.2.1;
						TestTargetID = 6314BCC523B06A08007104EB;
					};
					6314BCE823B06A0A007104EB = {
						CreatedOnToolsVersion = 10.2.1;
						TestTargetID = 6314BCC523B06A08007104EB;
					};
				};
			};
			buildConfigurationList = 6314BCC123B06A08007104EB /* Build configuration list for PBXProject "VoiceDemo" */;
			compatibilityVersion = "Xcode 9.3";
			developmentRegion = en;
			hasScannedForEncodings = 0;
			knownRegions = (
				en,
				Base,
			);
			mainGroup = 6314BCBD23B06A08007104EB;
			productRefGroup = 6314BCC723B06A08007104EB /* Products */;
			projectDirPath = "";
			projectRoot = "";
			targets = (
				6314BCC523B06A08007104EB /* VoiceDemo */,
				6314BCDD23B06A0A007104EB /* VoiceDemoTests */,
				6314BCE823B06A0A007104EB /* VoiceDemoUITests */,
			);
		};
/* End PBXProject section */

/* Begin PBXResourcesBuildPhase section */
		6314BCC423B06A08007104EB /* Resources */ = {
			isa = PBXResourcesBuildPhase;
			buildActionMask = 2147483647;
			files = (
				6314BCD623B06A0A007104EB /* LaunchScreen.storyboard in Resources */,
				6314BCD323B06A0A007104EB /* Assets.xcassets in Resources */,
				6314BCD123B06A08007104EB /* Main.storyboard in Resources */,
			);
			runOnlyForDeploymentPostprocessing = 0;
		};
		6314BCDC23B06A0A007104EB /* Resources */ = {
			isa = PBXResourcesBuildPhase;
			buildActionMask = 2147483647;
			files = (
			);
			runOnlyForDeploymentPostprocessing = 0;
		};
		6314BCE723B06A0A007104EB /* Resources */ = {
			isa = PBXResourcesBuildPhase;
			buildActionMask = 2147483647;
			files = (
			);
			runOnlyForDeploymentPostprocessing = 0;
		};
/* End PBXResourcesBuildPhase section */

/* Begin PBXSourcesBuildPhase section */
		6314BCC223B06A08007104EB /* Sources */ = {
			isa = PBXSourcesBuildPhase;
			buildActionMask = 2147483647;
			files = (
				6314BD0A23B0A512007104EB /* GenetekMgr.m in Sources */,
				6314BCCE23B06A08007104EB /* ViewController.m in Sources */,
				6314BCD923B06A0A007104EB /* main.m in Sources */,
				6314BD0E23B0AF4A007104EB /* BasicViewController.m in Sources */,
				6314BCCB23B06A08007104EB /* AppDelegate.m in Sources */,
			);
			runOnlyForDeploymentPostprocessing = 0;
		};
		6314BCDA23B06A0A007104EB /* Sources */ = {
			isa = PBXSourcesBuildPhase;
			buildActionMask = 2147483647;
			files = (
				6314BCE323B06A0A007104EB /* VoiceDemoTests.m in Sources */,
			);
			runOnlyForDeploymentPostprocessing = 0;
		};
		6314BCE523B06A0A007104EB /* Sources */ = {
			isa = PBXSourcesBuildPhase;
			buildActionMask = 2147483647;
			files = (
				6314BCEE23B06A0A007104EB /* VoiceDemoUITests.m in Sources */,
			);
			runOnlyForDeploymentPostprocessing = 0;
		};
/* End PBXSourcesBuildPhase section */

/* Begin PBXTargetDependency section */
		6314BCE023B06A0A007104EB /* PBXTargetDependency */ = {
			isa = PBXTargetDependency;
			target = 6314BCC523B06A08007104EB /* VoiceDemo */;
			targetProxy = 6314BCDF23B06A0A007104EB /* PBXContainerItemProxy */;
		};
		6314BCEB23B06A0A007104EB /* PBXTargetDependency */ = {
			isa = PBXTargetDependency;
			target = 6314BCC523B06A08007104EB /* VoiceDemo */;
			targetProxy = 6314BCEA23B06A0A007104EB /* PBXContainerItemProxy */;
		};
/* End PBXTargetDependency section */

/* Begin PBXVariantGroup section */
		6314BCCF23B06A08007104EB /* Main.storyboard */ = {
			isa = PBXVariantGroup;
			children = (
				6314BCD023B06A08007104EB /* Base */,
			);
			name = Main.storyboard;
			sourceTree = "<group>";
		};
		6314BCD423B06A0A007104EB /* LaunchScreen.storyboard */ = {
			isa = PBXVariantGroup;
			children = (
				6314BCD523B06A0A007104EB /* Base */,
			);
			name = LaunchScreen.storyboard;
			sourceTree = "<group>";
		};
/* End PBXVariantGroup section */

/* Begin XCBuildConfiguration section */
		6314BCF023B06A0A007104EB /* Debug */ = {
			isa = XCBuildConfiguration;
			buildSettings = {
				ALWAYS_SEARCH_USER_PATHS = NO;
				CLANG_ANALYZER_NONNULL = YES;
				CLANG_ANALYZER_NUMBER_OBJECT_CONVERSION = YES_AGGRESSIVE;
				CLANG_CXX_LANGUAGE_STANDARD = "gnu++14";
				CLANG_CXX_LIBRARY = "libc++";
				CLANG_ENABLE_MODULES = YES;
				CLANG_ENABLE_OBJC_ARC = YES;
				CLANG_ENABLE_OBJC_WEAK = YES;
				CLANG_WARN_BLOCK_CAPTURE_AUTORELEASING = YES;
				CLANG_WARN_BOOL_CONVERSION = YES;
				CLANG_WARN_COMMA = YES;
				CLANG_WARN_CONSTANT_CONVERSION = YES;
				CLANG_WARN_DEPRECATED_OBJC_IMPLEMENTATIONS = YES;
				CLANG_WARN_DIRECT_OBJC_ISA_USAGE = YES_ERROR;
				CLANG_WARN_DOCUMENTATION_COMMENTS = YES;
				CLANG_WARN_EMPTY_BODY = YES;
				CLANG_WARN_ENUM_CONVERSION = YES;
				CLANG_WARN_INFINITE_RECURSION = YES;
				CLANG_WARN_INT_CONVERSION = YES;
				CLANG_WARN_NON_LITERAL_NULL_CONVERSION = YES;
				CLANG_WARN_OBJC_IMPLICIT_RETAIN_SELF = YES;
				CLANG_WARN_OBJC_LITERAL_CONVERSION = YES;
				CLANG_WARN_OBJC_ROOT_CLASS = YES_ERROR;
				CLANG_WARN_RANGE_LOOP_ANALYSIS = YES;
				CLANG_WARN_STRICT_PROTOTYPES = YES;
				CLANG_WARN_SUSPICIOUS_MOVE = YES;
				CLANG_WARN_UNGUARDED_AVAILABILITY = YES_AGGRESSIVE;
				CLANG_WARN_UNREACHABLE_CODE = YES;
				CLANG_WARN__DUPLICATE_METHOD_MATCH = YES;
				CODE_SIGN_IDENTITY = "iPhone Developer";
				COPY_PHASE_STRIP = NO;
				DEBUG_INFORMATION_FORMAT = dwarf;
				ENABLE_STRICT_OBJC_MSGSEND = YES;
				ENABLE_TESTABILITY = YES;
				GCC_C_LANGUAGE_STANDARD = gnu11;
				GCC_DYNAMIC_NO_PIC = NO;
				GCC_NO_COMMON_BLOCKS = YES;
				GCC_OPTIMIZATION_LEVEL = 0;
				GCC_PREPROCESSOR_DEFINITIONS = (
					"DEBUG=1",
					"$(inherited)",
				);
				GCC_WARN_64_TO_32_BIT_CONVERSION = YES;
				GCC_WARN_ABOUT_RETURN_TYPE = YES_ERROR;
				GCC_WARN_UNDECLARED_SELECTOR = YES;
				GCC_WARN_UNINITIALIZED_AUTOS = YES_AGGRESSIVE;
				GCC_WARN_UNUSED_FUNCTION = YES;
				GCC_WARN_UNUSED_VARIABLE = YES;
				IPHONEOS_DEPLOYMENT_TARGET = 12.2;
				MTL_ENABLE_DEBUG_INFO = INCLUDE_SOURCE;
				MTL_FAST_MATH = YES;
				ONLY_ACTIVE_ARCH = YES;
				SDKROOT = iphoneos;
			};
			name = Debug;
		};
		6314BCF123B06A0A007104EB /* Release */ = {
			isa = XCBuildConfiguration;
			buildSettings = {
				ALWAYS_SEARCH_USER_PATHS = NO;
				CLANG_ANALYZER_NONNULL = YES;
				CLANG_ANALYZER_NUMBER_OBJECT_CONVERSION = YES_AGGRESSIVE;
				CLANG_CXX_LANGUAGE_STANDARD = "gnu++14";
				CLANG_CXX_LIBRARY = "libc++";
				CLANG_ENABLE_MODULES = YES;
				CLANG_ENABLE_OBJC_ARC = YES;
				CLANG_ENABLE_OBJC_WEAK = YES;
				CLANG_WARN_BLOCK_CAPTURE_AUTORELEASING = YES;
				CLANG_WARN_BOOL_CONVERSION = YES;
				CLANG_WARN_COMMA = YES;
				CLANG_WARN_CONSTANT_CONVERSION = YES;
				CLANG_WARN_DEPRECATED_OBJC_IMPLEMENTATIONS = YES;
				CLANG_WARN_DIRECT_OBJC_ISA_USAGE = YES_ERROR;
				CLANG_WARN_DOCUMENTATION_COMMENTS = YES;
				CLANG_WARN_EMPTY_BODY = YES;
				CLANG_WARN_ENUM_CONVERSION = YES;
				CLANG_WARN_INFINITE_RECURSION = YES;
				CLANG_WARN_INT_CONVERSION = YES;
				CLANG_WARN_NON_LITERAL_NULL_CONVERSION = YES;
				CLANG_WARN_OBJC_IMPLICIT_RETAIN_SELF = YES;
				CLANG_WARN_OBJC_LITERAL_CONVERSION = YES;
				CLANG_WARN_OBJC_ROOT_CLASS = YES_ERROR;
				CLANG_WARN_RANGE_LOOP_ANALYSIS = YES;
				CLANG_WARN_STRICT_PROTOTYPES = YES;
				CLANG_WARN_SUSPICIOUS_MOVE = YES;
				CLANG_WARN_UNGUARDED_AVAILABILITY = YES_AGGRESSIVE;
				CLANG_WARN_UNREACHABLE_CODE = YES;
				CLANG_WARN__DUPLICATE_METHOD_MATCH = YES;
				CODE_SIGN_IDENTITY = "iPhone Developer";
				COPY_PHASE_STRIP = NO;
				DEBUG_INFORMATION_FORMAT = "dwarf-with-dsym";
				ENABLE_NS_ASSERTIONS = NO;
				ENABLE_STRICT_OBJC_MSGSEND = YES;
				GCC_C_LANGUAGE_STANDARD = gnu11;
				GCC_NO_COMMON_BLOCKS = YES;
				GCC_WARN_64_TO_32_BIT_CONVERSION = YES;
				GCC_WARN_ABOUT_RETURN_TYPE = YES_ERROR;
				GCC_WARN_UNDECLARED_SELECTOR = YES;
				GCC_WARN_UNINITIALIZED_AUTOS = YES_AGGRESSIVE;
				GCC_WARN_UNUSED_FUNCTION = YES;
				GCC_WARN_UNUSED_VARIABLE = YES;
				IPHONEOS_DEPLOYMENT_TARGET = 12.2;
				MTL_ENABLE_DEBUG_INFO = NO;
				MTL_FAST_MATH = YES;
				SDKROOT = iphoneos;
				VALIDATE_PRODUCT = YES;
			};
			name = Release;
		};
		6314BCF323B06A0A007104EB /* Debug */ = {
			isa = XCBuildConfiguration;
			buildSettings = {
				ASSETCATALOG_COMPILER_APPICON_NAME = AppIcon;
				CODE_SIGN_IDENTITY = "iPhone Developer";
				CODE_SIGN_STYLE = Automatic;
				DEVELOPMENT_TEAM = KK25MC3SMT;
				FRAMEWORK_SEARCH_PATHS = (
					"$(inherited)",
					"$(PROJECT_DIR)/libs",
				);
				INFOPLIST_FILE = VoiceDemo/Info.plist;
				LD_RUNPATH_SEARCH_PATHS = (
					"$(inherited)",
					"@executable_path/Frameworks",
				);
				PRODUCT_BUNDLE_IDENTIFIER = genetek.com.VoiceDemo;
				PRODUCT_NAME = "$(TARGET_NAME)";
				PROVISIONING_PROFILE_SPECIFIER = "";
				TARGETED_DEVICE_FAMILY = "1,2";
			};
			name = Debug;
		};
		6314BCF423B06A0A007104EB /* Release */ = {
			isa = XCBuildConfiguration;
			buildSettings = {
				ASSETCATALOG_COMPILER_APPICON_NAME = AppIcon;
				CODE_SIGN_IDENTITY = "iPhone Developer";
				CODE_SIGN_STYLE = Automatic;
				DEVELOPMENT_TEAM = KK25MC3SMT;
				FRAMEWORK_SEARCH_PATHS = (
					"$(inherited)",
					"$(PROJECT_DIR)/libs",
				);
				INFOPLIST_FILE = VoiceDemo/Info.plist;
				LD_RUNPATH_SEARCH_PATHS = (
					"$(inherited)",
					"@executable_path/Frameworks",
				);
				PRODUCT_BUNDLE_IDENTIFIER = genetek.com.VoiceDemo;
				PRODUCT_NAME = "$(TARGET_NAME)";
				PROVISIONING_PROFILE_SPECIFIER = "";
				TARGETED_DEVICE_FAMILY = "1,2";
			};
			name = Release;
		};
		6314BCF623B06A0A007104EB /* Debug */ = {
			isa = XCBuildConfiguration;
			buildSettings = {
				BUNDLE_LOADER = "$(TEST_HOST)";
				CODE_SIGN_STYLE = Automatic;
				INFOPLIST_FILE = VoiceDemoTests/Info.plist;
				LD_RUNPATH_SEARCH_PATHS = (
					"$(inherited)",
					"@executable_path/Frameworks",
					"@loader_path/Frameworks",
				);
				PRODUCT_BUNDLE_IDENTIFIER = genetek.com.VoiceDemoTests;
				PRODUCT_NAME = "$(TARGET_NAME)";
				TARGETED_DEVICE_FAMILY = "1,2";
				TEST_HOST = "$(BUILT_PRODUCTS_DIR)/VoiceDemo.app/VoiceDemo";
			};
			name = Debug;
		};
		6314BCF723B06A0A007104EB /* Release */ = {
			isa = XCBuildConfiguration;
			buildSettings = {
				BUNDLE_LOADER = "$(TEST_HOST)";
				CODE_SIGN_STYLE = Automatic;
				INFOPLIST_FILE = VoiceDemoTests/Info.plist;
				LD_RUNPATH_SEARCH_PATHS = (
					"$(inherited)",
					"@executable_path/Frameworks",
					"@loader_path/Frameworks",
				);
				PRODUCT_BUNDLE_IDENTIFIER = genetek.com.VoiceDemoTests;
				PRODUCT_NAME = "$(TARGET_NAME)";
				TARGETED_DEVICE_FAMILY = "1,2";
				TEST_HOST = "$(BUILT_PRODUCTS_DIR)/VoiceDemo.app/VoiceDemo";
			};
			name = Release;
		};
		6314BCF923B06A0A007104EB /* Debug */ = {
			isa = XCBuildConfiguration;
			buildSettings = {
				CODE_SIGN_STYLE = Automatic;
				INFOPLIST_FILE = VoiceDemoUITests/Info.plist;
				LD_RUNPATH_SEARCH_PATHS = (
					"$(inherited)",
					"@executable_path/Frameworks",
					"@loader_path/Frameworks",
				);
				PRODUCT_BUNDLE_IDENTIFIER = genetek.com.VoiceDemoUITests;
				PRODUCT_NAME = "$(TARGET_NAME)";
				TARGETED_DEVICE_FAMILY = "1,2";
				TEST_TARGET_NAME = VoiceDemo;
			};
			name = Debug;
		};
		6314BCFA23B06A0A007104EB /* Release */ = {
			isa = XCBuildConfiguration;
			buildSettings = {
				CODE_SIGN_STYLE = Automatic;
				INFOPLIST_FILE = VoiceDemoUITests/Info.plist;
				LD_RUNPATH_SEARCH_PATHS = (
					"$(inherited)",
					"@executable_path/Frameworks",
					"@loader_path/Frameworks",
				);
				PRODUCT_BUNDLE_IDENTIFIER = genetek.com.VoiceDemoUITests;
				PRODUCT_NAME = "$(TARGET_NAME)";
				TARGETED_DEVICE_FAMILY = "1,2";
				TEST_TARGET_NAME = VoiceDemo;
			};
			name = Release;
		};
/* End XCBuildConfiguration section */

/* Begin XCConfigurationList section */
		6314BCC123B06A08007104EB /* Build configuration list for PBXProject "VoiceDemo" */ = {
			isa = XCConfigurationList;
			buildConfigurations = (
				6314BCF023B06A0A007104EB /* Debug */,
				6314BCF123B06A0A007104EB /* Release */,
			);
			defaultConfigurationIsVisible = 0;
			defaultConfigurationName = Release;
		};
		6314BCF223B06A0A007104EB /* Build configuration list for PBXNativeTarget "VoiceDemo" */ = {
			isa = XCConfigurationList;
			buildConfigurations = (
				6314BCF323B06A0A007104EB /* Debug */,
				6314BCF423B06A0A007104EB /* Release */,
			);
			defaultConfigurationIsVisible = 0;
			defaultConfigurationName = Release;
		};
		6314BCF523B06A0A007104EB /* Build configuration list for PBXNativeTarget "VoiceDemoTests" */ = {
			isa = XCConfigurationList;
			buildConfigurations = (
				6314BCF623B06A0A007104EB /* Debug */,
				6314BCF723B06A0A007104EB /* Release */,
			);
			defaultConfigurationIsVisible = 0;
			defaultConfigurationName = Release;
		};
		6314BCF823B06A0A007104EB /* Build configuration list for PBXNativeTarget "VoiceDemoUITests" */ = {
			isa = XCConfigurationList;
			buildConfigurations = (
				6314BCF923B06A0A007104EB /* Debug */,
				6314BCFA23B06A0A007104EB /* Release */,
			);
			defaultConfigurationIsVisible = 0;
			defaultConfigurationName = Release;
		};
/* End XCConfigurationList section */
	};
	rootObject = 6314BCBE23B06A08007104EB /* Project object */;
}
